// !$*UTF8*$!
{
	archiveVersion = 1;
	classes = {
	};
	objectVersion = 77;
	objects = {

/* Begin PBXBuildFile section */
		BB6ACBC82ED55E3C001FFDBE /* MediaSource.swift in Sources */ = {isa = PBXBuildFile; fileRef = BB6ACBC72ED55E3C001FFDBE /* MediaSource.swift */; };
		BB6EE4FF2EBC8C5A0091300C /* MP4Writer.swift in Sources */ = {isa = PBXBuildFile; fileRef = BB6EE4FE2EBC8C5A0091300C /* MP4Writer.swift */; };
		BB70E8492EB0F85C00360647 /* Controllable.swift in Sources */ = {isa = PBXBuildFile; fileRef = BB70E8482EB0F85C00360647 /* Controllable.swift */; };
		BB70E84B2EB245CD00360647 /* DataFlow.swift in Sources */ = {isa = PBXBuildFile; fileRef = BB70E84A2EB245CD00360647 /* DataFlow.swift */; };
		BB70E84D2EB246E400360647 /* ScreenCapture.swift in Sources */ = {isa = PBXBuildFile; fileRef = BB70E84C2EB246E400360647 /* ScreenCapture.swift */; };
		BB7F553B2ED409FD0084FCB9 /* MediaCaptureSession.swift in Sources */ = {isa = PBXBuildFile; fileRef = BB7F553A2ED409FD0084FCB9 /* MediaCaptureSession.swift */; };
		BB7F553D2ED4300C0084FCB9 /* MediaWorkspace.swift in Sources */ = {isa = PBXBuildFile; fileRef = BB7F553C2ED4300C0084FCB9 /* MediaWorkspace.swift */; };
		BB9A6DDD2EAC692D001279F1 /* Assets.xcassets in Resources */ = {isa = PBXBuildFile; fileRef = BB9A6DD82EAC692D001279F1 /* Assets.xcassets */; };
		BB9A6DDE2EAC692D001279F1 /* Main.storyboard in Resources */ = {isa = PBXBuildFile; fileRef = BB9A6DDA2EAC692D001279F1 /* Main.storyboard */; };
		BB9A6DDF2EAC692D001279F1 /* AppDelegate.swift in Sources */ = {isa = PBXBuildFile; fileRef = BB9A6DD72EAC692D001279F1 /* AppDelegate.swift */; };
		BB9A6DE02EAC692D001279F1 /* ViewController.swift in Sources */ = {isa = PBXBuildFile; fileRef = BB9A6DDB2EAC692D001279F1 /* ViewController.swift */; };
		BB9A6DE22EAC6944001279F1 /* ScreenRecorder.swift in Sources */ = {isa = PBXBuildFile; fileRef = BB9A6DE12EAC6944001279F1 /* ScreenRecorder.swift */; };
		BB9A6DE52EAC77B2001279F1 /* MediaStream.swift in Sources */ = {isa = PBXBuildFile; fileRef = BB9A6DE42EAC77B2001279F1 /* MediaStream.swift */; };
/* End PBXBuildFile section */

/* Begin PBXFileReference section */
		BB6ACBC72ED55E3C001FFDBE /* MediaSource.swift */ = {isa = PBXFileReference; lastKnownFileType = sourcecode.swift; path = MediaSource.swift; sourceTree = "<group>"; };
		BB6EE4FE2EBC8C5A0091300C /* MP4Writer.swift */ = {isa = PBXFileReference; lastKnownFileType = sourcecode.swift; path = MP4Writer.swift; sourceTree = "<group>"; };
		BB70E8482EB0F85C00360647 /* Controllable.swift */ = {isa = PBXFileReference; lastKnownFileType = sourcecode.swift; path = Controllable.swift; sourceTree = "<group>"; };
		BB70E84A2EB245CD00360647 /* DataFlow.swift */ = {isa = PBXFileReference; lastKnownFileType = sourcecode.swift; path = DataFlow.swift; sourceTree = "<group>"; };
		BB70E84C2EB246E400360647 /* ScreenCapture.swift */ = {isa = PBXFileReference; lastKnownFileType = sourcecode.swift; path = ScreenCapture.swift; sourceTree = "<group>"; };
		BB7F553A2ED409FD0084FCB9 /* MediaCaptureSession.swift */ = {isa = PBXFileReference; lastKnownFileType = sourcecode.swift; path = MediaCaptureSession.swift; sourceTree = "<group>"; };
		BB7F553C2ED4300C0084FCB9 /* MediaWorkspace.swift */ = {isa = PBXFileReference; lastKnownFileType = sourcecode.swift; path = MediaWorkspace.swift; sourceTree = "<group>"; };
		BB9A6DC62EAC691A001279F1 /* ScreenCaptureDemo.app */ = {isa = PBXFileReference; explicitFileType = wrapper.application; includeInIndex = 0; path = ScreenCaptureDemo.app; sourceTree = BUILT_PRODUCTS_DIR; };
		BB9A6DD72EAC692D001279F1 /* AppDelegate.swift */ = {isa = PBXFileReference; lastKnownFileType = sourcecode.swift; path = AppDelegate.swift; sourceTree = "<group>"; };
		BB9A6DD82EAC692D001279F1 /* Assets.xcassets */ = {isa = PBXFileReference; lastKnownFileType = folder.assetcatalog; path = Assets.xcassets; sourceTree = "<group>"; };
		BB9A6DD92EAC692D001279F1 /* Base */ = {isa = PBXFileReference; lastKnownFileType = file.storyboard; name = Base; path = Base.lproj/Main.storyboard; sourceTree = "<group>"; };
		BB9A6DDB2EAC692D001279F1 /* ViewController.swift */ = {isa = PBXFileReference; lastKnownFileType = sourcecode.swift; path = ViewController.swift; sourceTree = "<group>"; };
		BB9A6DE12EAC6944001279F1 /* ScreenRecorder.swift */ = {isa = PBXFileReference; lastKnownFileType = sourcecode.swift; path = ScreenRecorder.swift; sourceTree = "<group>"; };
		BB9A6DE42EAC77B2001279F1 /* MediaStream.swift */ = {isa = PBXFileReference; lastKnownFileType = sourcecode.swift; path = MediaStream.swift; sourceTree = "<group>"; };
/* End PBXFileReference section */

/* Begin PBXFrameworksBuildPhase section */
		BB9A6DC32EAC691A001279F1 /* Frameworks */ = {
			isa = PBXFrameworksBuildPhase;
			buildActionMask = 2147483647;
			files = (
			);
			runOnlyForDeploymentPostprocessing = 0;
		};
/* End PBXFrameworksBuildPhase section */

/* Begin PBXGroup section */
		BB6ACBC52ED55DE5001FFDBE /* CaptureSource */ = {
			isa = PBXGroup;
			children = (
				BB6ACBC72ED55E3C001FFDBE /* MediaSource.swift */,
				BB70E84C2EB246E400360647 /* ScreenCapture.swift */,
			);
			path = CaptureSource;
			sourceTree = "<group>";
		};
		BB6ACBC62ED55E1A001FFDBE /* DataSink */ = {
			isa = PBXGroup;
			children = (
				BB6EE4FE2EBC8C5A0091300C /* MP4Writer.swift */,
			);
			path = DataSink;
			sourceTree = "<group>";
		};
		BB9A6DBD2EAC691A001279F1 = {
			isa = PBXGroup;
			children = (
				BB9A6DDC2EAC692D001279F1 /* ScreenCaptureDemo */,
				BB9A6DC72EAC691A001279F1 /* Products */,
			);
			sourceTree = "<group>";
		};
		BB9A6DC72EAC691A001279F1 /* Products */ = {
			isa = PBXGroup;
			children = (
				BB9A6DC62EAC691A001279F1 /* ScreenCaptureDemo.app */,
			);
			name = Products;
			sourceTree = "<group>";
		};
		BB9A6DDC2EAC692D001279F1 /* ScreenCaptureDemo */ = {
			isa = PBXGroup;
			children = (
				BB7F553C2ED4300C0084FCB9 /* MediaWorkspace.swift */,
				BB9A6DE32EAC7793001279F1 /* Record */,
				BB9A6DD72EAC692D001279F1 /* AppDelegate.swift */,
				BB9A6DD82EAC692D001279F1 /* Assets.xcassets */,
				BB9A6DDA2EAC692D001279F1 /* Main.storyboard */,
				BB9A6DDB2EAC692D001279F1 /* ViewController.swift */,
				BB9A6DE12EAC6944001279F1 /* ScreenRecorder.swift */,
			);
			path = ScreenCaptureDemo;
			sourceTree = "<group>";
		};
		BB9A6DE32EAC7793001279F1 /* Record */ = {
			isa = PBXGroup;
			children = (
				BB70E8482EB0F85C00360647 /* Controllable.swift */,
				BB9A6DE42EAC77B2001279F1 /* MediaStream.swift */,
				BB7F553A2ED409FD0084FCB9 /* MediaCaptureSession.swift */,
				BB70E84A2EB245CD00360647 /* DataFlow.swift */,
				BB6ACBC52ED55DE5001FFDBE /* CaptureSource */,
				BB6ACBC62ED55E1A001FFDBE /* DataSink */,
			);
			path = Record;
			sourceTree = "<group>";
		};
/* End PBXGroup section */

/* Begin PBXNativeTarget section */
		BB9A6DC52EAC691A001279F1 /* ScreenCaptureDemo */ = {
			isa = PBXNativeTarget;
			buildConfigurationList = BB9A6DD42EAC691C001279F1 /* Build configuration list for PBXNativeTarget "ScreenCaptureDemo" */;
			buildPhases = (
				BB9A6DC22EAC691A001279F1 /* Sources */,
				BB9A6DC32EAC691A001279F1 /* Frameworks */,
				BB9A6DC42EAC691A001279F1 /* Resources */,
			);
			buildRules = (
			);
			dependencies = (
			);
			name = ScreenCaptureDemo;
			packageProductDependencies = (
			);
			productName = ScreenCaptureDemo;
			productReference = BB9A6DC62EAC691A001279F1 /* ScreenCaptureDemo.app */;
			productType = "com.apple.product-type.application";
		};
/* End PBXNativeTarget section */

/* Begin PBXProject section */
		BB9A6DBE2EAC691A001279F1 /* Project object */ = {
			isa = PBXProject;
			attributes = {
				BuildIndependentTargetsInParallel = 1;
				LastSwiftUpdateCheck = 2600;
				LastUpgradeCheck = 2600;
				TargetAttributes = {
					BB9A6DC52EAC691A001279F1 = {
						CreatedOnToolsVersion = 26.0.1;
					};
				};
			};
			buildConfigurationList = BB9A6DC12EAC691A001279F1 /* Build configuration list for PBXProject "ScreenCaptureDemo" */;
			developmentRegion = en;
			hasScannedForEncodings = 0;
			knownRegions = (
				en,
				Base,
			);
			mainGroup = BB9A6DBD2EAC691A001279F1;
			minimizedProjectReferenceProxies = 1;
			preferredProjectObjectVersion = 77;
			productRefGroup = BB9A6DC72EAC691A001279F1 /* Products */;
			projectDirPath = "";
			projectRoot = "";
			targets = (
				BB9A6DC52EAC691A001279F1 /* ScreenCaptureDemo */,
			);
		};
/* End PBXProject section */

/* Begin PBXResourcesBuildPhase section */
		BB9A6DC42EAC691A001279F1 /* Resources */ = {
			isa = PBXResourcesBuildPhase;
			buildActionMask = 2147483647;
			files = (
				BB9A6DDD2EAC692D001279F1 /* Assets.xcassets in Resources */,
				BB9A6DDE2EAC692D001279F1 /* Main.storyboard in Resources */,
			);
			runOnlyForDeploymentPostprocessing = 0;
		};
/* End PBXResourcesBuildPhase section */

/* Begin PBXSourcesBuildPhase section */
		BB9A6DC22EAC691A001279F1 /* Sources */ = {
			isa = PBXSourcesBuildPhase;
			buildActionMask = 2147483647;
			files = (
				BB6EE4FF2EBC8C5A0091300C /* MP4Writer.swift in Sources */,
				BB9A6DDF2EAC692D001279F1 /* AppDelegate.swift in Sources */,
				BB70E84D2EB246E400360647 /* ScreenCapture.swift in Sources */,
				BB9A6DE02EAC692D001279F1 /* ViewController.swift in Sources */,
				BB6ACBC82ED55E3C001FFDBE /* MediaSource.swift in Sources */,
				BB70E84B2EB245CD00360647 /* DataFlow.swift in Sources */,
				BB9A6DE52EAC77B2001279F1 /* MediaStream.swift in Sources */,
				BB7F553D2ED4300C0084FCB9 /* MediaWorkspace.swift in Sources */,
				BB70E8492EB0F85C00360647 /* Controllable.swift in Sources */,
				BB7F553B2ED409FD0084FCB9 /* MediaCaptureSession.swift in Sources */,
				BB9A6DE22EAC6944001279F1 /* ScreenRecorder.swift in Sources */,
			);
			runOnlyForDeploymentPostprocessing = 0;
		};
/* End PBXSourcesBuildPhase section */

/* Begin PBXVariantGroup section */
		BB9A6DDA2EAC692D001279F1 /* Main.storyboard */ = {
			isa = PBXVariantGroup;
			children = (
				BB9A6DD92EAC692D001279F1 /* Base */,
			);
			name = Main.storyboard;
			sourceTree = "<group>";
		};
/* End PBXVariantGroup section */

/* Begin XCBuildConfiguration section */
		BB9A6DD22EAC691C001279F1 /* Debug */ = {
			isa = XCBuildConfiguration;
			buildSettings = {
				ALWAYS_SEARCH_USER_PATHS = NO;
				ASSETCATALOG_COMPILER_GENERATE_SWIFT_ASSET_SYMBOL_EXTENSIONS = YES;
				CLANG_ANALYZER_NONNULL = YES;
				CLANG_ANALYZER_NUMBER_OBJECT_CONVERSION = YES_AGGRESSIVE;
				CLANG_CXX_LANGUAGE_STANDARD = "gnu++20";
				CLANG_ENABLE_MODULES = YES;
				CLANG_ENABLE_OBJC_ARC = YES;
				CLANG_ENABLE_OBJC_WEAK = YES;
				CLANG_WARN_BLOCK_CAPTURE_AUTORELEASING = YES;
				CLANG_WARN_BOOL_CONVERSION = YES;
				CLANG_WARN_COMMA = YES;
				CLANG_WARN_CONSTANT_CONVERSION = YES;
				CLANG_WARN_DEPRECATED_OBJC_IMPLEMENTATIONS = YES;
				CLANG_WARN_DIRECT_OBJC_ISA_USAGE = YES_ERROR;
				CLANG_WARN_DOCUMENTATION_COMMENTS = YES;
				CLANG_WARN_EMPTY_BODY = YES;
				CLANG_WARN_ENUM_CONVERSION = YES;
				CLANG_WARN_INFINITE_RECURSION = YES;
				CLANG_WARN_INT_CONVERSION = YES;
				CLANG_WARN_NON_LITERAL_NULL_CONVERSION = YES;
				CLANG_WARN_OBJC_IMPLICIT_RETAIN_SELF = YES;
				CLANG_WARN_OBJC_LITERAL_CONVERSION = YES;
				CLANG_WARN_OBJC_ROOT_CLASS = YES_ERROR;
				CLANG_WARN_QUOTED_INCLUDE_IN_FRAMEWORK_HEADER = YES;
				CLANG_WARN_RANGE_LOOP_ANALYSIS = YES;
				CLANG_WARN_STRICT_PROTOTYPES = YES;
				CLANG_WARN_SUSPICIOUS_MOVE = YES;
				CLANG_WARN_UNGUARDED_AVAILABILITY = YES_AGGRESSIVE;
				CLANG_WARN_UNREACHABLE_CODE = YES;
				CLANG_WARN__DUPLICATE_METHOD_MATCH = YES;
				COPY_PHASE_STRIP = NO;
				DEBUG_INFORMATION_FORMAT = dwarf;
				DEVELOPMENT_TEAM = T2Q45F84HW;
				ENABLE_STRICT_OBJC_MSGSEND = YES;
				ENABLE_TESTABILITY = YES;
				ENABLE_USER_SCRIPT_SANDBOXING = YES;
				GCC_C_LANGUAGE_STANDARD = gnu17;
				GCC_DYNAMIC_NO_PIC = NO;
				GCC_NO_COMMON_BLOCKS = YES;
				GCC_OPTIMIZATION_LEVEL = 0;
				GCC_PREPROCESSOR_DEFINITIONS = (
					"DEBUG=1",
					"$(inherited)",
				);
				GCC_WARN_64_TO_32_BIT_CONVERSION = YES;
				GCC_WARN_ABOUT_RETURN_TYPE = YES_ERROR;
				GCC_WARN_UNDECLARED_SELECTOR = YES;
				GCC_WARN_UNINITIALIZED_AUTOS = YES_AGGRESSIVE;
				GCC_WARN_UNUSED_FUNCTION = YES;
				GCC_WARN_UNUSED_VARIABLE = YES;
				LOCALIZATION_PREFERS_STRING_CATALOGS = YES;
				MACOSX_DEPLOYMENT_TARGET = 26.0;
				MTL_ENABLE_DEBUG_INFO = INCLUDE_SOURCE;
				MTL_FAST_MATH = YES;
				ONLY_ACTIVE_ARCH = YES;
				SDKROOT = macosx;
				SWIFT_ACTIVE_COMPILATION_CONDITIONS = "DEBUG $(inherited)";
				SWIFT_OPTIMIZATION_LEVEL = "-Onone";
			};
			name = Debug;
		};
		BB9A6DD32EAC691C001279F1 /* Release */ = {
			isa = XCBuildConfiguration;
			buildSettings = {
				ALWAYS_SEARCH_USER_PATHS = NO;
				ASSETCATALOG_COMPILER_GENERATE_SWIFT_ASSET_SYMBOL_EXTENSIONS = YES;
				CLANG_ANALYZER_NONNULL = YES;
				CLANG_ANALYZER_NUMBER_OBJECT_CONVERSION = YES_AGGRESSIVE;
				CLANG_CXX_LANGUAGE_STANDARD = "gnu++20";
				CLANG_ENABLE_MODULES = YES;
				CLANG_ENABLE_OBJC_ARC = YES;
				CLANG_ENABLE_OBJC_WEAK = YES;
				CLANG_WARN_BLOCK_CAPTURE_AUTORELEASING = YES;
				CLANG_WARN_BOOL_CONVERSION = YES;
				CLANG_WARN_COMMA = YES;
				CLANG_WARN_CONSTANT_CONVERSION = YES;
				CLANG_WARN_DEPRECATED_OBJC_IMPLEMENTATIONS = YES;
				CLANG_WARN_DIRECT_OBJC_ISA_USAGE = YES_ERROR;
				CLANG_WARN_DOCUMENTATION_COMMENTS = YES;
				CLANG_WARN_EMPTY_BODY = YES;
				CLANG_WARN_ENUM_CONVERSION = YES;
				CLANG_WARN_INFINITE_RECURSION = YES;
				CLANG_WARN_INT_CONVERSION = YES;
				CLANG_WARN_NON_LITERAL_NULL_CONVERSION = YES;
				CLANG_WARN_OBJC_IMPLICIT_RETAIN_SELF = YES;
				CLANG_WARN_OBJC_LITERAL_CONVERSION = YES;
				CLANG_WARN_OBJC_ROOT_CLASS = YES_ERROR;
				CLANG_WARN_QUOTED_INCLUDE_IN_FRAMEWORK_HEADER = YES;
				CLANG_WARN_RANGE_LOOP_ANALYSIS = YES;
				CLANG_WARN_STRICT_PROTOTYPES = YES;
				CLANG_WARN_SUSPICIOUS_MOVE = YES;
				CLANG_WARN_UNGUARDED_AVAILABILITY = YES_AGGRESSIVE;
				CLANG_WARN_UNREACHABLE_CODE = YES;
				CLANG_WARN__DUPLICATE_METHOD_MATCH = YES;
				COPY_PHASE_STRIP = NO;
				DEBUG_INFORMATION_FORMAT = "dwarf-with-dsym";
				DEVELOPMENT_TEAM = T2Q45F84HW;
				ENABLE_NS_ASSERTIONS = NO;
				ENABLE_STRICT_OBJC_MSGSEND = YES;
				ENABLE_USER_SCRIPT_SANDBOXING = YES;
				GCC_C_LANGUAGE_STANDARD = gnu17;
				GCC_NO_COMMON_BLOCKS = YES;
				GCC_WARN_64_TO_32_BIT_CONVERSION = YES;
				GCC_WARN_ABOUT_RETURN_TYPE = YES_ERROR;
				GCC_WARN_UNDECLARED_SELECTOR = YES;
				GCC_WARN_UNINITIALIZED_AUTOS = YES_AGGRESSIVE;
				GCC_WARN_UNUSED_FUNCTION = YES;
				GCC_WARN_UNUSED_VARIABLE = YES;
				LOCALIZATION_PREFERS_STRING_CATALOGS = YES;
				MACOSX_DEPLOYMENT_TARGET = 26.0;
				MTL_ENABLE_DEBUG_INFO = NO;
				MTL_FAST_MATH = YES;
				SDKROOT = macosx;
				SWIFT_COMPILATION_MODE = wholemodule;
			};
			name = Release;
		};
		BB9A6DD52EAC691C001279F1 /* Debug */ = {
			isa = XCBuildConfiguration;
			buildSettings = {
				ASSETCATALOG_COMPILER_APPICON_NAME = AppIcon;
				ASSETCATALOG_COMPILER_GLOBAL_ACCENT_COLOR_NAME = AccentColor;
				CODE_SIGN_STYLE = Automatic;
				COMBINE_HIDPI_IMAGES = YES;
				CURRENT_PROJECT_VERSION = 1;
				DEVELOPMENT_TEAM = T2Q45F84HW;
				ENABLE_APP_SANDBOX = NO;
				ENABLE_HARDENED_RUNTIME = YES;
				GENERATE_INFOPLIST_FILE = YES;
				INFOPLIST_KEY_NSHumanReadableCopyright = "";
				INFOPLIST_KEY_NSMainStoryboardFile = Main;
				INFOPLIST_KEY_NSPrincipalClass = NSApplication;
				LD_RUNPATH_SEARCH_PATHS = (
					"$(inherited)",
					"@executable_path/../Frameworks",
				);
				MACOSX_DEPLOYMENT_TARGET = 12.3;
				MARKETING_VERSION = 1.0;
				PRODUCT_BUNDLE_IDENTIFIER = com.hanqi.ScreenCaptureDemo;
				PRODUCT_NAME = "$(TARGET_NAME)";
				REGISTER_APP_GROUPS = YES;
				STRING_CATALOG_GENERATE_SYMBOLS = YES;
				SWIFT_APPROACHABLE_CONCURRENCY = YES;
				SWIFT_DEFAULT_ACTOR_ISOLATION = MainActor;
				SWIFT_EMIT_LOC_STRINGS = YES;
				SWIFT_UPCOMING_FEATURE_MEMBER_IMPORT_VISIBILITY = YES;
				SWIFT_VERSION = 5.0;
			};
			name = Debug;
		};
		BB9A6DD62EAC691C001279F1 /* Release */ = {
			isa = XCBuildConfiguration;
			buildSettings = {
				ASSETCATALOG_COMPILER_APPICON_NAME = AppIcon;
				ASSETCATALOG_COMPILER_GLOBAL_ACCENT_COLOR_NAME = AccentColor;
				CODE_SIGN_STYLE = Automatic;
				COMBINE_HIDPI_IMAGES = YES;
				CURRENT_PROJECT_VERSION = 1;
				DEVELOPMENT_TEAM = T2Q45F84HW;
				ENABLE_APP_SANDBOX = NO;
				ENABLE_HARDENED_RUNTIME = YES;
				GENERATE_INFOPLIST_FILE = YES;
				INFOPLIST_KEY_NSHumanReadableCopyright = "";
				INFOPLIST_KEY_NSMainStoryboardFile = Main;
				INFOPLIST_KEY_NSPrincipalClass = NSApplication;
				LD_RUNPATH_SEARCH_PATHS = (
					"$(inherited)",
					"@executable_path/../Frameworks",
				);
				MACOSX_DEPLOYMENT_TARGET = 12.3;
				MARKETING_VERSION = 1.0;
				PRODUCT_BUNDLE_IDENTIFIER = com.hanqi.ScreenCaptureDemo;
				PRODUCT_NAME = "$(TARGET_NAME)";
				REGISTER_APP_GROUPS = YES;
				STRING_CATALOG_GENERATE_SYMBOLS = YES;
				SWIFT_APPROACHABLE_CONCURRENCY = YES;
				SWIFT_DEFAULT_ACTOR_ISOLATION = MainActor;
				SWIFT_EMIT_LOC_STRINGS = YES;
				SWIFT_UPCOMING_FEATURE_MEMBER_IMPORT_VISIBILITY = YES;
				SWIFT_VERSION = 5.0;
			};
			name = Release;
		};
/* End XCBuildConfiguration section */

/* Begin XCConfigurationList section */
		BB9A6DC12EAC691A001279F1 /* Build configuration list for PBXProject "ScreenCaptureDemo" */ = {
			isa = XCConfigurationList;
			buildConfigurations = (
				BB9A6DD22EAC691C001279F1 /* Debug */,
				BB9A6DD32EAC691C001279F1 /* Release */,
			);
			defaultConfigurationIsVisible = 0;
			defaultConfigurationName = Release;
		};
		BB9A6DD42EAC691C001279F1 /* Build configuration list for PBXNativeTarget "ScreenCaptureDemo" */ = {
			isa = XCConfigurationList;
			buildConfigurations = (
				BB9A6DD52EAC691C001279F1 /* Debug */,
				BB9A6DD62EAC691C001279F1 /* Release */,
			);
			defaultConfigurationIsVisible = 0;
			defaultConfigurationName = Release;
		};
/* End XCConfigurationList section */
	};
	rootObject = BB9A6DBE2EAC691A001279F1 /* Project object */;
}
